
Microsoft Visual Studio Solution File, Format Version 12.00
# Visual Studio Version 17
VisualStudioVersion = 17.0.32002.185
MinimumVisualStudioVersion = 10.0.40219.1
Project("{FAE04EC0-301F-11D3-BF4B-00C04F79EFBC}") = "DocentricConsoleApplicationNetCore", "DocentricConsoleApplicationNetCore\DocentricConsoleApplicationNetCore.csproj", "{77131354-98A2-4E2B-AD3C-1592EC8F1D08}"
EndProject
Project("{FAE04EC0-301F-11D3-BF4B-00C04F79EFBC}") = "ClassLibraryNetCore", "ClassLibraryNetCore\ClassLibraryNetCore.csproj", "{7407859F-B579-46FB-9FEB-0B6614A384FE}"
EndProject
Global
	GlobalSection(SolutionConfigurationPlatforms) = preSolution
		Debug|Any CPU = Debug|Any CPU
		Release|Any CPU = Release|Any CPU
	EndGlobalSection
	GlobalSection(ProjectConfigurationPlatforms) = postSolution
		{77131354-98A2-4E2B-AD3C-1592EC8F1D08}.Debug|Any CPU.ActiveCfg = Debug|Any CPU
		{77131354-98A2-4E2B-AD3C-1592EC8F1D08}.Debug|Any CPU.Build.0 = Debug|Any CPU
		{77131354-98A2-4E2B-AD3C-1592EC8F1D08}.Release|Any CPU.ActiveCfg = Release|Any CPU
		{77131354-98A2-4E2B-AD3C-1592EC8F1D08}.Release|Any CPU.Build.0 = Release|Any CPU
		{7407859F-B579-46FB-9FEB-0B6614A384FE}.Debug|Any CPU.ActiveCfg = Debug|Any CPU
		{7407859F-B579-46FB-9FEB-0B6614A384FE}.Debug|Any CPU.Build.0 = Debug|Any CPU
		{7407859F-B579-46FB-9FEB-0B6614A384FE}.Release|Any CPU.ActiveCfg = Release|Any CPU
		{7407859F-B579-46FB-9FEB-0B6614A384FE}.Release|Any CPU.Build.0 = Release|Any CPU
	EndGlobalSection
	GlobalSection(SolutionProperties) = preSolution
		HideSolutionNode = FALSE
	EndGlobalSection
	GlobalSection(ExtensibilityGlobals) = postSolution
		SolutionGuid = {64CBBF27-BE4B-4B27-BD90-5D0F2922A91C}
	EndGlobalSection
EndGlobal
